// !$*UTF8*$!
{
	archiveVersion = 1;
	classes = {
	};
	objectVersion = 56;
	objects = {

/* Begin PBXBuildFile section */
		047BE07A296C5C30007FE2E4 /* TwitterCloneApp.swift in Sources */ = {isa = PBXBuildFile; fileRef = 047BE079296C5C30007FE2E4 /* TwitterCloneApp.swift */; };
		047BE07C296C5C30007FE2E4 /* ContentView.swift in Sources */ = {isa = PBXBuildFile; fileRef = 047BE07B296C5C30007FE2E4 /* ContentView.swift */; };
		047BE07E296C5C34007FE2E4 /* Assets.xcassets in Resources */ = {isa = PBXBuildFile; fileRef = 047BE07D296C5C34007FE2E4 /* Assets.xcassets */; };
		047BE082296C5C34007FE2E4 /* Preview Assets.xcassets in Resources */ = {isa = PBXBuildFile; fileRef = 047BE081296C5C34007FE2E4 /* Preview Assets.xcassets */; };
		047BE08C296C5C34007FE2E4 /* TwitterCloneTests.swift in Sources */ = {isa = PBXBuildFile; fileRef = 047BE08B296C5C34007FE2E4 /* TwitterCloneTests.swift */; };
		047BE096296C5C34007FE2E4 /* TwitterCloneUITests.swift in Sources */ = {isa = PBXBuildFile; fileRef = 047BE095296C5C34007FE2E4 /* TwitterCloneUITests.swift */; };
		047BE098296C5C34007FE2E4 /* TwitterCloneUITestsLaunchTests.swift in Sources */ = {isa = PBXBuildFile; fileRef = 047BE097296C5C34007FE2E4 /* TwitterCloneUITestsLaunchTests.swift */; };
		04A15D48296C673C008ED87D /* Modifier+ViewExtension.swift in Sources */ = {isa = PBXBuildFile; fileRef = 04A15D47296C673C008ED87D /* Modifier+ViewExtension.swift */; };
		04AD1197296C5DA200AECAFB /* ViewModel.swift in Sources */ = {isa = PBXBuildFile; fileRef = 04AD1196296C5DA200AECAFB /* ViewModel.swift */; };
		04AD119B296C5DF200AECAFB /* FeedView.swift in Sources */ = {isa = PBXBuildFile; fileRef = 04AD119A296C5DF200AECAFB /* FeedView.swift */; };
		04AD119D296C628700AECAFB /* TweetView.swift in Sources */ = {isa = PBXBuildFile; fileRef = 04AD119C296C628700AECAFB /* TweetView.swift */; };
/* End PBXBuildFile section */

/* Begin PBXContainerItemProxy section */
		047BE088296C5C34007FE2E4 /* PBXContainerItemProxy */ = {
			isa = PBXContainerItemProxy;
			containerPortal = 047BE06E296C5C30007FE2E4 /* Project object */;
			proxyType = 1;
			remoteGlobalIDString = 047BE075296C5C30007FE2E4;
			remoteInfo = TwitterClone;
		};
		047BE092296C5C34007FE2E4 /* PBXContainerItemProxy */ = {
			isa = PBXContainerItemProxy;
			containerPortal = 047BE06E296C5C30007FE2E4 /* Project object */;
			proxyType = 1;
			remoteGlobalIDString = 047BE075296C5C30007FE2E4;
			remoteInfo = TwitterClone;
		};
/* End PBXContainerItemProxy section */

/* Begin PBXFileReference section */
		047BE076296C5C30007FE2E4 /* TwitterClone.app */ = {isa = PBXFileReference; explicitFileType = wrapper.application; includeInIndex = 0; path = TwitterClone.app; sourceTree = BUILT_PRODUCTS_DIR; };
		047BE079296C5C30007FE2E4 /* TwitterCloneApp.swift */ = {isa = PBXFileReference; lastKnownFileType = sourcecode.swift; path = TwitterCloneApp.swift; sourceTree = "<group>"; };
		047BE07B296C5C30007FE2E4 /* ContentView.swift */ = {isa = PBXFileReference; lastKnownFileType = sourcecode.swift; path = ContentView.swift; sourceTree = "<group>"; };
		047BE07D296C5C34007FE2E4 /* Assets.xcassets */ = {isa = PBXFileReference; lastKnownFileType = folder.assetcatalog; path = Assets.xcassets; sourceTree = "<group>"; };
		047BE07F296C5C34007FE2E4 /* TwitterClone.entitlements */ = {isa = PBXFileReference; lastKnownFileType = text.plist.entitlements; path = TwitterClone.entitlements; sourceTree = "<group>"; };
		047BE081296C5C34007FE2E4 /* Preview Assets.xcassets */ = {isa = PBXFileReference; lastKnownFileType = folder.assetcatalog; path = "Preview Assets.xcassets"; sourceTree = "<group>"; };
		047BE087296C5C34007FE2E4 /* TwitterCloneTests.xctest */ = {isa = PBXFileReference; explicitFileType = wrapper.cfbundle; includeInIndex = 0; path = TwitterCloneTests.xctest; sourceTree = BUILT_PRODUCTS_DIR; };
		047BE08B296C5C34007FE2E4 /* TwitterCloneTests.swift */ = {isa = PBXFileReference; lastKnownFileType = sourcecode.swift; path = TwitterCloneTests.swift; sourceTree = "<group>"; };
		047BE091296C5C34007FE2E4 /* TwitterCloneUITests.xctest */ = {isa = PBXFileReference; explicitFileType = wrapper.cfbundle; includeInIndex = 0; path = TwitterCloneUITests.xctest; sourceTree = BUILT_PRODUCTS_DIR; };
		047BE095296C5C34007FE2E4 /* TwitterCloneUITests.swift */ = {isa = PBXFileReference; lastKnownFileType = sourcecode.swift; path = TwitterCloneUITests.swift; sourceTree = "<group>"; };
		047BE097296C5C34007FE2E4 /* TwitterCloneUITestsLaunchTests.swift */ = {isa = PBXFileReference; lastKnownFileType = sourcecode.swift; path = TwitterCloneUITestsLaunchTests.swift; sourceTree = "<group>"; };
		04A15D47296C673C008ED87D /* Modifier+ViewExtension.swift */ = {isa = PBXFileReference; lastKnownFileType = sourcecode.swift; path = "Modifier+ViewExtension.swift"; sourceTree = "<group>"; };
		04AD1196296C5DA200AECAFB /* ViewModel.swift */ = {isa = PBXFileReference; lastKnownFileType = sourcecode.swift; path = ViewModel.swift; sourceTree = "<group>"; };
		04AD119A296C5DF200AECAFB /* FeedView.swift */ = {isa = PBXFileReference; lastKnownFileType = sourcecode.swift; path = FeedView.swift; sourceTree = "<group>"; };
		04AD119C296C628700AECAFB /* TweetView.swift */ = {isa = PBXFileReference; lastKnownFileType = sourcecode.swift; path = TweetView.swift; sourceTree = "<group>"; };
/* End PBXFileReference section */

/* Begin PBXFrameworksBuildPhase section */
		047BE073296C5C30007FE2E4 /* Frameworks */ = {
			isa = PBXFrameworksBuildPhase;
			buildActionMask = 2147483647;
			files = (
			);
			runOnlyForDeploymentPostprocessing = 0;
		};
		047BE084296C5C34007FE2E4 /* Frameworks */ = {
			isa = PBXFrameworksBuildPhase;
			buildActionMask = 2147483647;
			files = (
			);
			runOnlyForDeploymentPostprocessing = 0;
		};
		047BE08E296C5C34007FE2E4 /* Frameworks */ = {
			isa = PBXFrameworksBuildPhase;
			buildActionMask = 2147483647;
			files = (
			);
			runOnlyForDeploymentPostprocessing = 0;
		};
/* End PBXFrameworksBuildPhase section */

/* Begin PBXGroup section */
		047BE06D296C5C30007FE2E4 = {
			isa = PBXGroup;
			children = (
				047BE078296C5C30007FE2E4 /* TwitterClone */,
				047BE08A296C5C34007FE2E4 /* TwitterCloneTests */,
				047BE094296C5C34007FE2E4 /* TwitterCloneUITests */,
				047BE077296C5C30007FE2E4 /* Products */,
			);
			sourceTree = "<group>";
		};
		047BE077296C5C30007FE2E4 /* Products */ = {
			isa = PBXGroup;
			children = (
				047BE076296C5C30007FE2E4 /* TwitterClone.app */,
				047BE087296C5C34007FE2E4 /* TwitterCloneTests.xctest */,
				047BE091296C5C34007FE2E4 /* TwitterCloneUITests.xctest */,
			);
			name = Products;
			sourceTree = "<group>";
		};
		047BE078296C5C30007FE2E4 /* TwitterClone */ = {
			isa = PBXGroup;
			children = (
				047BE0A6296C5CF4007FE2E4 /* Service */,
				047BE0A5296C5CEB007FE2E4 /* Model */,
				047BE0A4296C5CC5007FE2E4 /* Extension */,
				047BE0A7296C5CFD007FE2E4 /* Core */,
				047BE07B296C5C30007FE2E4 /* ContentView.swift */,
				047BE079296C5C30007FE2E4 /* TwitterCloneApp.swift */,
				047BE07D296C5C34007FE2E4 /* Assets.xcassets */,
				047BE07F296C5C34007FE2E4 /* TwitterClone.entitlements */,
				047BE080296C5C34007FE2E4 /* Preview Content */,
			);
			path = TwitterClone;
			sourceTree = "<group>";
		};
		047BE080296C5C34007FE2E4 /* Preview Content */ = {
			isa = PBXGroup;
			children = (
				047BE081296C5C34007FE2E4 /* Preview Assets.xcassets */,
			);
			path = "Preview Content";
			sourceTree = "<group>";
		};
		047BE08A296C5C34007FE2E4 /* TwitterCloneTests */ = {
			isa = PBXGroup;
			children = (
				047BE08B296C5C34007FE2E4 /* TwitterCloneTests.swift */,
			);
			path = TwitterCloneTests;
			sourceTree = "<group>";
		};
		047BE094296C5C34007FE2E4 /* TwitterCloneUITests */ = {
			isa = PBXGroup;
			children = (
				047BE095296C5C34007FE2E4 /* TwitterCloneUITests.swift */,
				047BE097296C5C34007FE2E4 /* TwitterCloneUITestsLaunchTests.swift */,
			);
			path = TwitterCloneUITests;
			sourceTree = "<group>";
		};
		047BE0A4296C5CC5007FE2E4 /* Extension */ = {
			isa = PBXGroup;
			children = (
				04A15D47296C673C008ED87D /* Modifier+ViewExtension.swift */,
			);
			path = Extension;
			sourceTree = "<group>";
		};
		047BE0A5296C5CEB007FE2E4 /* Model */ = {
			isa = PBXGroup;
			children = (
			);
			path = Model;
			sourceTree = "<group>";
		};
		047BE0A6296C5CF4007FE2E4 /* Service */ = {
			isa = PBXGroup;
			children = (
			);
			path = Service;
			sourceTree = "<group>";
		};
		047BE0A7296C5CFD007FE2E4 /* Core */ = {
			isa = PBXGroup;
			children = (
				047BE0A8296C5D16007FE2E4 /* Components */,
				04AD1193296C5D6D00AECAFB /* Feeds */,
			);
			path = Core;
			sourceTree = "<group>";
		};
		047BE0A8296C5D16007FE2E4 /* Components */ = {
			isa = PBXGroup;
			children = (
				04AD119C296C628700AECAFB /* TweetView.swift */,
			);
			path = Components;
			sourceTree = "<group>";
		};
		04AD1193296C5D6D00AECAFB /* Feeds */ = {
			isa = PBXGroup;
			children = (
				04AD1196296C5DA200AECAFB /* ViewModel.swift */,
				04AD119A296C5DF200AECAFB /* FeedView.swift */,
			);
			path = Feeds;
			sourceTree = "<group>";
		};
/* End PBXGroup section */

/* Begin PBXNativeTarget section */
		047BE075296C5C30007FE2E4 /* TwitterClone */ = {
			isa = PBXNativeTarget;
			buildConfigurationList = 047BE09B296C5C34007FE2E4 /* Build configuration list for PBXNativeTarget "TwitterClone" */;
			buildPhases = (
				047BE072296C5C30007FE2E4 /* Sources */,
				047BE073296C5C30007FE2E4 /* Frameworks */,
				047BE074296C5C30007FE2E4 /* Resources */,
			);
			buildRules = (
			);
			dependencies = (
			);
			name = TwitterClone;
			productName = TwitterClone;
			productReference = 047BE076296C5C30007FE2E4 /* TwitterClone.app */;
			productType = "com.apple.product-type.application";
		};
		047BE086296C5C34007FE2E4 /* TwitterCloneTests */ = {
			isa = PBXNativeTarget;
			buildConfigurationList = 047BE09E296C5C34007FE2E4 /* Build configuration list for PBXNativeTarget "TwitterCloneTests" */;
			buildPhases = (
				047BE083296C5C34007FE2E4 /* Sources */,
				047BE084296C5C34007FE2E4 /* Frameworks */,
				047BE085296C5C34007FE2E4 /* Resources */,
			);
			buildRules = (
			);
			dependencies = (
				047BE089296C5C34007FE2E4 /* PBXTargetDependency */,
			);
			name = TwitterCloneTests;
			productName = TwitterCloneTests;
			productReference = 047BE087296C5C34007FE2E4 /* TwitterCloneTests.xctest */;
			productType = "com.apple.product-type.bundle.unit-test";
		};
		047BE090296C5C34007FE2E4 /* TwitterCloneUITests */ = {
			isa = PBXNativeTarget;
			buildConfigurationList = 047BE0A1296C5C34007FE2E4 /* Build configuration list for PBXNativeTarget "TwitterCloneUITests" */;
			buildPhases = (
				047BE08D296C5C34007FE2E4 /* Sources */,
				047BE08E296C5C34007FE2E4 /* Frameworks */,
				047BE08F296C5C34007FE2E4 /* Resources */,
			);
			buildRules = (
			);
			dependencies = (
				047BE093296C5C34007FE2E4 /* PBXTargetDependency */,
			);
			name = TwitterCloneUITests;
			productName = TwitterCloneUITests;
			productReference = 047BE091296C5C34007FE2E4 /* TwitterCloneUITests.xctest */;
			productType = "com.apple.product-type.bundle.ui-testing";
		};
/* End PBXNativeTarget section */

/* Begin PBXProject section */
		047BE06E296C5C30007FE2E4 /* Project object */ = {
			isa = PBXProject;
			attributes = {
				BuildIndependentTargetsInParallel = 1;
				LastSwiftUpdateCheck = 1420;
				LastUpgradeCheck = 1420;
				TargetAttributes = {
					047BE075296C5C30007FE2E4 = {
						CreatedOnToolsVersion = 14.2;
					};
					047BE086296C5C34007FE2E4 = {
						CreatedOnToolsVersion = 14.2;
						TestTargetID = 047BE075296C5C30007FE2E4;
					};
					047BE090296C5C34007FE2E4 = {
						CreatedOnToolsVersion = 14.2;
						TestTargetID = 047BE075296C5C30007FE2E4;
					};
				};
			};
			buildConfigurationList = 047BE071296C5C30007FE2E4 /* Build configuration list for PBXProject "TwitterClone" */;
			compatibilityVersion = "Xcode 14.0";
			developmentRegion = en;
			hasScannedForEncodings = 0;
			knownRegions = (
				en,
				Base,
			);
			mainGroup = 047BE06D296C5C30007FE2E4;
			productRefGroup = 047BE077296C5C30007FE2E4 /* Products */;
			projectDirPath = "";
			projectRoot = "";
			targets = (
				047BE075296C5C30007FE2E4 /* TwitterClone */,
				047BE086296C5C34007FE2E4 /* TwitterCloneTests */,
				047BE090296C5C34007FE2E4 /* TwitterCloneUITests */,
			);
		};
/* End PBXProject section */

/* Begin PBXResourcesBuildPhase section */
		047BE074296C5C30007FE2E4 /* Resources */ = {
			isa = PBXResourcesBuildPhase;
			buildActionMask = 2147483647;
			files = (
				047BE082296C5C34007FE2E4 /* Preview Assets.xcassets in Resources */,
				047BE07E296C5C34007FE2E4 /* Assets.xcassets in Resources */,
			);
			runOnlyForDeploymentPostprocessing = 0;
		};
		047BE085296C5C34007FE2E4 /* Resources */ = {
			isa = PBXResourcesBuildPhase;
			buildActionMask = 2147483647;
			files = (
			);
			runOnlyForDeploymentPostprocessing = 0;
		};
		047BE08F296C5C34007FE2E4 /* Resources */ = {
			isa = PBXResourcesBuildPhase;
			buildActionMask = 2147483647;
			files = (
			);
			runOnlyForDeploymentPostprocessing = 0;
		};
/* End PBXResourcesBuildPhase section */

/* Begin PBXSourcesBuildPhase section */
		047BE072296C5C30007FE2E4 /* Sources */ = {
			isa = PBXSourcesBuildPhase;
			buildActionMask = 2147483647;
			files = (
				04A15D48296C673C008ED87D /* Modifier+ViewExtension.swift in Sources */,
				04AD119B296C5DF200AECAFB /* FeedView.swift in Sources */,
				047BE07C296C5C30007FE2E4 /* ContentView.swift in Sources */,
				047BE07A296C5C30007FE2E4 /* TwitterCloneApp.swift in Sources */,
				04AD119D296C628700AECAFB /* TweetView.swift in Sources */,
				04AD1197296C5DA200AECAFB /* ViewModel.swift in Sources */,
			);
			runOnlyForDeploymentPostprocessing = 0;
		};
		047BE083296C5C34007FE2E4 /* Sources */ = {
			isa = PBXSourcesBuildPhase;
			buildActionMask = 2147483647;
			files = (
				047BE08C296C5C34007FE2E4 /* TwitterCloneTests.swift in Sources */,
			);
			runOnlyForDeploymentPostprocessing = 0;
		};
		047BE08D296C5C34007FE2E4 /* Sources */ = {
			isa = PBXSourcesBuildPhase;
			buildActionMask = 2147483647;
			files = (
				047BE098296C5C34007FE2E4 /* TwitterCloneUITestsLaunchTests.swift in Sources */,
				047BE096296C5C34007FE2E4 /* TwitterCloneUITests.swift in Sources */,
			);
			runOnlyForDeploymentPostprocessing = 0;
		};
/* End PBXSourcesBuildPhase section */

/* Begin PBXTargetDependency section */
		047BE089296C5C34007FE2E4 /* PBXTargetDependency */ = {
			isa = PBXTargetDependency;
			target = 047BE075296C5C30007FE2E4 /* TwitterClone */;
			targetProxy = 047BE088296C5C34007FE2E4 /* PBXContainerItemProxy */;
		};
		047BE093296C5C34007FE2E4 /* PBXTargetDependency */ = {
			isa = PBXTargetDependency;
			target = 047BE075296C5C30007FE2E4 /* TwitterClone */;
			targetProxy = 047BE092296C5C34007FE2E4 /* PBXContainerItemProxy */;
		};
/* End PBXTargetDependency section */

/* Begin XCBuildConfiguration section */
		047BE099296C5C34007FE2E4 /* Debug */ = {
			isa = XCBuildConfiguration;
			buildSettings = {
				ALWAYS_SEARCH_USER_PATHS = NO;
				CLANG_ANALYZER_NONNULL = YES;
				CLANG_ANALYZER_NUMBER_OBJECT_CONVERSION = YES_AGGRESSIVE;
				CLANG_CXX_LANGUAGE_STANDARD = "gnu++20";
				CLANG_ENABLE_MODULES = YES;
				CLANG_ENABLE_OBJC_ARC = YES;
				CLANG_ENABLE_OBJC_WEAK = YES;
				CLANG_WARN_BLOCK_CAPTURE_AUTORELEASING = YES;
				CLANG_WARN_BOOL_CONVERSION = YES;
				CLANG_WARN_COMMA = YES;
				CLANG_WARN_CONSTANT_CONVERSION = YES;
				CLANG_WARN_DEPRECATED_OBJC_IMPLEMENTATIONS = YES;
				CLANG_WARN_DIRECT_OBJC_ISA_USAGE = YES_ERROR;
				CLANG_WARN_DOCUMENTATION_COMMENTS = YES;
				CLANG_WARN_EMPTY_BODY = YES;
				CLANG_WARN_ENUM_CONVERSION = YES;
				CLANG_WARN_INFINITE_RECURSION = YES;
				CLANG_WARN_INT_CONVERSION = YES;
				CLANG_WARN_NON_LITERAL_NULL_CONVERSION = YES;
				CLANG_WARN_OBJC_IMPLICIT_RETAIN_SELF = YES;
				CLANG_WARN_OBJC_LITERAL_CONVERSION = YES;
				CLANG_WARN_OBJC_ROOT_CLASS = YES_ERROR;
				CLANG_WARN_QUOTED_INCLUDE_IN_FRAMEWORK_HEADER = YES;
				CLANG_WARN_RANGE_LOOP_ANALYSIS = YES;
				CLANG_WARN_STRICT_PROTOTYPES = YES;
				CLANG_WARN_SUSPICIOUS_MOVE = YES;
				CLANG_WARN_UNGUARDED_AVAILABILITY = YES_AGGRESSIVE;
				CLANG_WARN_UNREACHABLE_CODE = YES;
				CLANG_WARN__DUPLICATE_METHOD_MATCH = YES;
				COPY_PHASE_STRIP = NO;
				DEBUG_INFORMATION_FORMAT = dwarf;
				ENABLE_STRICT_OBJC_MSGSEND = YES;
				ENABLE_TESTABILITY = YES;
				GCC_C_LANGUAGE_STANDARD = gnu11;
				GCC_DYNAMIC_NO_PIC = NO;
				GCC_NO_COMMON_BLOCKS = YES;
				GCC_OPTIMIZATION_LEVEL = 0;
				GCC_PREPROCESSOR_DEFINITIONS = (
					"DEBUG=1",
					"$(inherited)",
				);
				GCC_WARN_64_TO_32_BIT_CONVERSION = YES;
				GCC_WARN_ABOUT_RETURN_TYPE = YES_ERROR;
				GCC_WARN_UNDECLARED_SELECTOR = YES;
				GCC_WARN_UNINITIALIZED_AUTOS = YES_AGGRESSIVE;
				GCC_WARN_UNUSED_FUNCTION = YES;
				GCC_WARN_UNUSED_VARIABLE = YES;
				MTL_ENABLE_DEBUG_INFO = INCLUDE_SOURCE;
				MTL_FAST_MATH = YES;
				ONLY_ACTIVE_ARCH = YES;
				SWIFT_ACTIVE_COMPILATION_CONDITIONS = DEBUG;
				SWIFT_OPTIMIZATION_LEVEL = "-Onone";
			};
			name = Debug;
		};
		047BE09A296C5C34007FE2E4 /* Release */ = {
			isa = XCBuildConfiguration;
			buildSettings = {
				ALWAYS_SEARCH_USER_PATHS = NO;
				CLANG_ANALYZER_NONNULL = YES;
				CLANG_ANALYZER_NUMBER_OBJECT_CONVERSION = YES_AGGRESSIVE;
				CLANG_CXX_LANGUAGE_STANDARD = "gnu++20";
				CLANG_ENABLE_MODULES = YES;
				CLANG_ENABLE_OBJC_ARC = YES;
				CLANG_ENABLE_OBJC_WEAK = YES;
				CLANG_WARN_BLOCK_CAPTURE_AUTORELEASING = YES;
				CLANG_WARN_BOOL_CONVERSION = YES;
				CLANG_WARN_COMMA = YES;
				CLANG_WARN_CONSTANT_CONVERSION = YES;
				CLANG_WARN_DEPRECATED_OBJC_IMPLEMENTATIONS = YES;
				CLANG_WARN_DIRECT_OBJC_ISA_USAGE = YES_ERROR;
				CLANG_WARN_DOCUMENTATION_COMMENTS = YES;
				CLANG_WARN_EMPTY_BODY = YES;
				CLANG_WARN_ENUM_CONVERSION = YES;
				CLANG_WARN_INFINITE_RECURSION = YES;
				CLANG_WARN_INT_CONVERSION = YES;
				CLANG_WARN_NON_LITERAL_NULL_CONVERSION = YES;
				CLANG_WARN_OBJC_IMPLICIT_RETAIN_SELF = YES;
				CLANG_WARN_OBJC_LITERAL_CONVERSION = YES;
				CLANG_WARN_OBJC_ROOT_CLASS = YES_ERROR;
				CLANG_WARN_QUOTED_INCLUDE_IN_FRAMEWORK_HEADER = YES;
				CLANG_WARN_RANGE_LOOP_ANALYSIS = YES;
				CLANG_WARN_STRICT_PROTOTYPES = YES;
				CLANG_WARN_SUSPICIOUS_MOVE = YES;
				CLANG_WARN_UNGUARDED_AVAILABILITY = YES_AGGRESSIVE;
				CLANG_WARN_UNREACHABLE_CODE = YES;
				CLANG_WARN__DUPLICATE_METHOD_MATCH = YES;
				COPY_PHASE_STRIP = NO;
				DEBUG_INFORMATION_FORMAT = "dwarf-with-dsym";
				ENABLE_NS_ASSERTIONS = NO;
				ENABLE_STRICT_OBJC_MSGSEND = YES;
				GCC_C_LANGUAGE_STANDARD = gnu11;
				GCC_NO_COMMON_BLOCKS = YES;
				GCC_WARN_64_TO_32_BIT_CONVERSION = YES;
				GCC_WARN_ABOUT_RETURN_TYPE = YES_ERROR;
				GCC_WARN_UNDECLARED_SELECTOR = YES;
				GCC_WARN_UNINITIALIZED_AUTOS = YES_AGGRESSIVE;
				GCC_WARN_UNUSED_FUNCTION = YES;
				GCC_WARN_UNUSED_VARIABLE = YES;
				MTL_ENABLE_DEBUG_INFO = NO;
				MTL_FAST_MATH = YES;
				SWIFT_COMPILATION_MODE = wholemodule;
				SWIFT_OPTIMIZATION_LEVEL = "-O";
			};
			name = Release;
		};
		047BE09C296C5C34007FE2E4 /* Debug */ = {
			isa = XCBuildConfiguration;
			buildSettings = {
				ASSETCATALOG_COMPILER_APPICON_NAME = AppIcon;
				ASSETCATALOG_COMPILER_GLOBAL_ACCENT_COLOR_NAME = AccentColor;
				CODE_SIGN_ENTITLEMENTS = TwitterClone/TwitterClone.entitlements;
				CODE_SIGN_STYLE = Automatic;
				CURRENT_PROJECT_VERSION = 1;
				DEVELOPMENT_ASSET_PATHS = "\"TwitterClone/Preview Content\"";
				ENABLE_PREVIEWS = YES;
				GENERATE_INFOPLIST_FILE = YES;
				"INFOPLIST_KEY_UIApplicationSceneManifest_Generation[sdk=iphoneos*]" = YES;
				"INFOPLIST_KEY_UIApplicationSceneManifest_Generation[sdk=iphonesimulator*]" = YES;
				"INFOPLIST_KEY_UIApplicationSupportsIndirectInputEvents[sdk=iphoneos*]" = YES;
				"INFOPLIST_KEY_UIApplicationSupportsIndirectInputEvents[sdk=iphonesimulator*]" = YES;
				"INFOPLIST_KEY_UILaunchScreen_Generation[sdk=iphoneos*]" = YES;
				"INFOPLIST_KEY_UILaunchScreen_Generation[sdk=iphonesimulator*]" = YES;
				"INFOPLIST_KEY_UIStatusBarStyle[sdk=iphoneos*]" = UIStatusBarStyleDefault;
				"INFOPLIST_KEY_UIStatusBarStyle[sdk=iphonesimulator*]" = UIStatusBarStyleDefault;
				INFOPLIST_KEY_UISupportedInterfaceOrientations_iPad = "UIInterfaceOrientationPortrait UIInterfaceOrientationPortraitUpsideDown UIInterfaceOrientationLandscapeLeft UIInterfaceOrientationLandscapeRight";
				INFOPLIST_KEY_UISupportedInterfaceOrientations_iPhone = "UIInterfaceOrientationPortrait UIInterfaceOrientationLandscapeLeft UIInterfaceOrientationLandscapeRight";
				IPHONEOS_DEPLOYMENT_TARGET = 16.2;
				LD_RUNPATH_SEARCH_PATHS = "@executable_path/Frameworks";
				"LD_RUNPATH_SEARCH_PATHS[sdk=macosx*]" = "@executable_path/../Frameworks";
				MACOSX_DEPLOYMENT_TARGET = 12.6;
				MARKETING_VERSION = 1.0;
				PRODUCT_BUNDLE_IDENTIFIER = pratha.project.TwitterClone;
				PRODUCT_NAME = "$(TARGET_NAME)";
				SDKROOT = auto;
				SUPPORTED_PLATFORMS = "iphoneos iphonesimulator macosx";
				SWIFT_EMIT_LOC_STRINGS = YES;
				SWIFT_VERSION = 5.0;
				TARGETED_DEVICE_FAMILY = "1,2";
			};
			name = Debug;
		};
		047BE09D296C5C34007FE2E4 /* Release */ = {
			isa = XCBuildConfiguration;
			buildSettings = {
				ASSETCATALOG_COMPILER_APPICON_NAME = AppIcon;
				ASSETCATALOG_COMPILER_GLOBAL_ACCENT_COLOR_NAME = AccentColor;
				CODE_SIGN_ENTITLEMENTS = TwitterClone/TwitterClone.entitlements;
				CODE_SIGN_STYLE = Automatic;
				CURRENT_PROJECT_VERSION = 1;
				DEVELOPMENT_ASSET_PATHS = "\"TwitterClone/Preview Content\"";
				ENABLE_PREVIEWS = YES;
				GENERATE_INFOPLIST_FILE = YES;
				"INFOPLIST_KEY_UIApplicationSceneManifest_Generation[sdk=iphoneos*]" = YES;
				"INFOPLIST_KEY_UIApplicationSceneManifest_Generation[sdk=iphonesimulator*]" = YES;
				"INFOPLIST_KEY_UIApplicationSupportsIndirectInputEvents[sdk=iphoneos*]" = YES;
				"INFOPLIST_KEY_UIApplicationSupportsIndirectInputEvents[sdk=iphonesimulator*]" = YES;
				"INFOPLIST_KEY_UILaunchScreen_Generation[sdk=iphoneos*]" = YES;
				"INFOPLIST_KEY_UILaunchScreen_Generation[sdk=iphonesimulator*]" = YES;
				"INFOPLIST_KEY_UIStatusBarStyle[sdk=iphoneos*]" = UIStatusBarStyleDefault;
				"INFOPLIST_KEY_UIStatusBarStyle[sdk=iphonesimulator*]" = UIStatusBarStyleDefault;
				INFOPLIST_KEY_UISupportedInterfaceOrientations_iPad = "UIInterfaceOrientationPortrait UIInterfaceOrientationPortraitUpsideDown UIInterfaceOrientationLandscapeLeft UIInterfaceOrientationLandscapeRight";
				INFOPLIST_KEY_UISupportedInterfaceOrientations_iPhone = "UIInterfaceOrientationPortrait UIInterfaceOrientationLandscapeLeft UIInterfaceOrientationLandscapeRight";
				IPHONEOS_DEPLOYMENT_TARGET = 16.2;
				LD_RUNPATH_SEARCH_PATHS = "@executable_path/Frameworks";
				"LD_RUNPATH_SEARCH_PATHS[sdk=macosx*]" = "@executable_path/../Frameworks";
				MACOSX_DEPLOYMENT_TARGET = 12.6;
				MARKETING_VERSION = 1.0;
				PRODUCT_BUNDLE_IDENTIFIER = pratha.project.TwitterClone;
				PRODUCT_NAME = "$(TARGET_NAME)";
				SDKROOT = auto;
				SUPPORTED_PLATFORMS = "iphoneos iphonesimulator macosx";
				SWIFT_EMIT_LOC_STRINGS = YES;
				SWIFT_VERSION = 5.0;
				TARGETED_DEVICE_FAMILY = "1,2";
			};
			name = Release;
		};
		047BE09F296C5C34007FE2E4 /* Debug */ = {
			isa = XCBuildConfiguration;
			buildSettings = {
				ALWAYS_EMBED_SWIFT_STANDARD_LIBRARIES = YES;
				BUNDLE_LOADER = "$(TEST_HOST)";
				CODE_SIGN_STYLE = Automatic;
				CURRENT_PROJECT_VERSION = 1;
				GENERATE_INFOPLIST_FILE = YES;
				IPHONEOS_DEPLOYMENT_TARGET = 16.2;
				MACOSX_DEPLOYMENT_TARGET = 12.6;
				MARKETING_VERSION = 1.0;
				PRODUCT_BUNDLE_IDENTIFIER = pratha.project.TwitterCloneTests;
				PRODUCT_NAME = "$(TARGET_NAME)";
				SDKROOT = auto;
				SUPPORTED_PLATFORMS = "iphoneos iphonesimulator macosx";
				SWIFT_EMIT_LOC_STRINGS = NO;
				SWIFT_VERSION = 5.0;
				TARGETED_DEVICE_FAMILY = "1,2";
				TEST_HOST = "$(BUILT_PRODUCTS_DIR)/TwitterClone.app/$(BUNDLE_EXECUTABLE_FOLDER_PATH)/TwitterClone";
			};
			name = Debug;
		};
		047BE0A0296C5C34007FE2E4 /* Release */ = {
			isa = XCBuildConfiguration;
			buildSettings = {
				ALWAYS_EMBED_SWIFT_STANDARD_LIBRARIES = YES;
				BUNDLE_LOADER = "$(TEST_HOST)";
				CODE_SIGN_STYLE = Automatic;
				CURRENT_PROJECT_VERSION = 1;
				GENERATE_INFOPLIST_FILE = YES;
				IPHONEOS_DEPLOYMENT_TARGET = 16.2;
				MACOSX_DEPLOYMENT_TARGET = 12.6;
				MARKETING_VERSION = 1.0;
				PRODUCT_BUNDLE_IDENTIFIER = pratha.project.TwitterCloneTests;
				PRODUCT_NAME = "$(TARGET_NAME)";
				SDKROOT = auto;
				SUPPORTED_PLATFORMS = "iphoneos iphonesimulator macosx";
				SWIFT_EMIT_LOC_STRINGS = NO;
				SWIFT_VERSION = 5.0;
				TARGETED_DEVICE_FAMILY = "1,2";
				TEST_HOST = "$(BUILT_PRODUCTS_DIR)/TwitterClone.app/$(BUNDLE_EXECUTABLE_FOLDER_PATH)/TwitterClone";
			};
			name = Release;
		};
		047BE0A2296C5C34007FE2E4 /* Debug */ = {
			isa = XCBuildConfiguration;
			buildSettings = {
				ALWAYS_EMBED_SWIFT_STANDARD_LIBRARIES = YES;
				CODE_SIGN_STYLE = Automatic;
				CURRENT_PROJECT_VERSION = 1;
				GENERATE_INFOPLIST_FILE = YES;
				IPHONEOS_DEPLOYMENT_TARGET = 16.2;
				MACOSX_DEPLOYMENT_TARGET = 12.6;
				MARKETING_VERSION = 1.0;
				PRODUCT_BUNDLE_IDENTIFIER = pratha.project.TwitterCloneUITests;
				PRODUCT_NAME = "$(TARGET_NAME)";
				SDKROOT = auto;
				SUPPORTED_PLATFORMS = "iphoneos iphonesimulator macosx";
				SWIFT_EMIT_LOC_STRINGS = NO;
				SWIFT_VERSION = 5.0;
				TARGETED_DEVICE_FAMILY = "1,2";
				TEST_TARGET_NAME = TwitterClone;
			};
			name = Debug;
		};
		047BE0A3296C5C34007FE2E4 /* Release */ = {
			isa = XCBuildConfiguration;
			buildSettings = {
				ALWAYS_EMBED_SWIFT_STANDARD_LIBRARIES = YES;
				CODE_SIGN_STYLE = Automatic;
				CURRENT_PROJECT_VERSION = 1;
				GENERATE_INFOPLIST_FILE = YES;
				IPHONEOS_DEPLOYMENT_TARGET = 16.2;
				MACOSX_DEPLOYMENT_TARGET = 12.6;
				MARKETING_VERSION = 1.0;
				PRODUCT_BUNDLE_IDENTIFIER = pratha.project.TwitterCloneUITests;
				PRODUCT_NAME = "$(TARGET_NAME)";
				SDKROOT = auto;
				SUPPORTED_PLATFORMS = "iphoneos iphonesimulator macosx";
				SWIFT_EMIT_LOC_STRINGS = NO;
				SWIFT_VERSION = 5.0;
				TARGETED_DEVICE_FAMILY = "1,2";
				TEST_TARGET_NAME = TwitterClone;
			};
			name = Release;
		};
/* End XCBuildConfiguration section */

/* Begin XCConfigurationList section */
		047BE071296C5C30007FE2E4 /* Build configuration list for PBXProject "TwitterClone" */ = {
			isa = XCConfigurationList;
			buildConfigurations = (
				047BE099296C5C34007FE2E4 /* Debug */,
				047BE09A296C5C34007FE2E4 /* Release */,
			);
			defaultConfigurationIsVisible = 0;
			defaultConfigurationName = Release;
		};
		047BE09B296C5C34007FE2E4 /* Build configuration list for PBXNativeTarget "TwitterClone" */ = {
			isa = XCConfigurationList;
			buildConfigurations = (
				047BE09C296C5C34007FE2E4 /* Debug */,
				047BE09D296C5C34007FE2E4 /* Release */,
			);
			defaultConfigurationIsVisible = 0;
			defaultConfigurationName = Release;
		};
		047BE09E296C5C34007FE2E4 /* Build configuration list for PBXNativeTarget "TwitterCloneTests" */ = {
			isa = XCConfigurationList;
			buildConfigurations = (
				047BE09F296C5C34007FE2E4 /* Debug */,
				047BE0A0296C5C34007FE2E4 /* Release */,
			);
			defaultConfigurationIsVisible = 0;
			defaultConfigurationName = Release;
		};
		047BE0A1296C5C34007FE2E4 /* Build configuration list for PBXNativeTarget "TwitterCloneUITests" */ = {
			isa = XCConfigurationList;
			buildConfigurations = (
				047BE0A2296C5C34007FE2E4 /* Debug */,
				047BE0A3296C5C34007FE2E4 /* Release */,
			);
			defaultConfigurationIsVisible = 0;
			defaultConfigurationName = Release;
		};
/* End XCConfigurationList section */
	};
	rootObject = 047BE06E296C5C30007FE2E4 /* Project object */;
}
